
Microsoft Visual Studio Solution File, Format Version 12.00
# Visual Studio 15
VisualStudioVersion = 15.0.27428.2015
MinimumVisualStudioVersion = 10.0.40219.1
Project("{FAE04EC0-301F-11D3-BF4B-00C04F79EFBC}") = "Vidley", "Vidley\Vidley.csproj", "{27590FFE-2372-48F5-8C2E-07DE63FACB90}"
EndProject
Project("{FAE04EC0-301F-11D3-BF4B-00C04F79EFBC}") = "Practice-1", "Practice-1\Practice-1.csproj", "{F64853AA-3243-4236-A87B-0C2F59A35CAE}"
EndProject
Project("{FAE04EC0-301F-11D3-BF4B-00C04F79EFBC}") = "EntityPractice", "EntityPractice\EntityPractice.csproj", "{D77546B6-29A7-49D1-85AE-2479432BA081}"
EndProject
Project("{FAE04EC0-301F-11D3-BF4B-00C04F79EFBC}") = "Vidly", "Vidly\Vidly.csproj", "{4C2A55BF-F68F-44AC-B706-1480BEBDB4D0}"
EndProject
Global
	GlobalSection(SolutionConfigurationPlatforms) = preSolution
		Debug|Any CPU = Debug|Any CPU
		Release|Any CPU = Release|Any CPU
	EndGlobalSection
	GlobalSection(ProjectConfigurationPlatforms) = postSolution
		{27590FFE-2372-48F5-8C2E-07DE63FACB90}.Debug|Any CPU.ActiveCfg = Debug|Any CPU
		{27590FFE-2372-48F5-8C2E-07DE63FACB90}.Debug|Any CPU.Build.0 = Debug|Any CPU
		{27590FFE-2372-48F5-8C2E-07DE63FACB90}.Release|Any CPU.ActiveCfg = Release|Any CPU
		{27590FFE-2372-48F5-8C2E-07DE63FACB90}.Release|Any CPU.Build.0 = Release|Any CPU
		{F64853AA-3243-4236-A87B-0C2F59A35CAE}.Debug|Any CPU.ActiveCfg = Debug|Any CPU
		{F64853AA-3243-4236-A87B-0C2F59A35CAE}.Debug|Any CPU.Build.0 = Debug|Any CPU
		{F64853AA-3243-4236-A87B-0C2F59A35CAE}.Release|Any CPU.ActiveCfg = Release|Any CPU
		{F64853AA-3243-4236-A87B-0C2F59A35CAE}.Release|Any CPU.Build.0 = Release|Any CPU
		{D77546B6-29A7-49D1-85AE-2479432BA081}.Debug|Any CPU.ActiveCfg = Debug|Any CPU
		{D77546B6-29A7-49D1-85AE-2479432BA081}.Debug|Any CPU.Build.0 = Debug|Any CPU
		{D77546B6-29A7-49D1-85AE-2479432BA081}.Release|Any CPU.ActiveCfg = Release|Any CPU
		{D77546B6-29A7-49D1-85AE-2479432BA081}.Release|Any CPU.Build.0 = Release|Any CPU
		{4C2A55BF-F68F-44AC-B706-1480BEBDB4D0}.Debug|Any CPU.ActiveCfg = Debug|Any CPU
		{4C2A55BF-F68F-44AC-B706-1480BEBDB4D0}.Debug|Any CPU.Build.0 = Debug|Any CPU
		{4C2A55BF-F68F-44AC-B706-1480BEBDB4D0}.Release|Any CPU.ActiveCfg = Release|Any CPU
		{4C2A55BF-F68F-44AC-B706-1480BEBDB4D0}.Release|Any CPU.Build.0 = Release|Any CPU
	EndGlobalSection
	GlobalSection(SolutionProperties) = preSolution
		HideSolutionNode = FALSE
	EndGlobalSection
	GlobalSection(ExtensibilityGlobals) = postSolution
		SolutionGuid = {CF3DF06D-CA75-4EF8-A15D-51D2FC3F23ED}
	EndGlobalSection
EndGlobal
